
Microsoft Visual Studio Solution File, Format Version 12.00
# Visual Studio Version 16
VisualStudioVersion = 16.0.29920.165
MinimumVisualStudioVersion = 10.0.40219.1
Project("{FAE04EC0-301F-11D3-BF4B-00C04F79EFBC}") = "FactoryDesignSample", "FactoryDesignSample.csproj", "{9EE71A59-F028-4BFF-BC74-83662F09506E}"
EndProject
Global
	GlobalSection(SolutionConfigurationPlatforms) = preSolution
		Debug|Any CPU = Debug|Any CPU
		Release|Any CPU = Release|Any CPU
	EndGlobalSection
	GlobalSection(ProjectConfigurationPlatforms) = postSolution
		{9EE71A59-F028-4BFF-BC74-83662F09506E}.Debug|Any CPU.ActiveCfg = Debug|Any CPU
		{9EE71A59-F028-4BFF-BC74-83662F09506E}.Debug|Any CPU.Build.0 = Debug|Any CPU
		{9EE71A59-F028-4BFF-BC74-83662F09506E}.Release|Any CPU.ActiveCfg = Release|Any CPU
		{9EE71A59-F028-4BFF-BC74-83662F09506E}.Release|Any CPU.Build.0 = Release|Any CPU
	EndGlobalSection
	GlobalSection(SolutionProperties) = preSolution
		HideSolutionNode = FALSE
	EndGlobalSection
	GlobalSection(ExtensibilityGlobals) = postSolution
		SolutionGuid = {22C985FE-3557-44B1-BD95-EB570EA15277}
	EndGlobalSection
EndGlobal
